{
  "name": "web",
  "version": "1.0.0",
  "lockfileVersion": 2,
  "requires": true,
  "packages": {
    "": {
      "name": "web",
      "version": "1.0.0",
      "license": "ISC",
      "dependencies": {
        "dotenv-safe": "^9.0.0"
      },
      "devDependencies": {
        "@playwright/test": "^1.41.2",
        "@types/dotenv-safe": "^8.1.5",
        "@types/node": "^20.11.17"
      }
    },
    "node_modules/@playwright/test": {
      "version": "1.41.2",
      "resolved": "https://registry.npmjs.org/@playwright/test/-/test-1.41.2.tgz",
      "integrity": "sha512-qQB9h7KbibJzrDpkXkYvsmiDJK14FULCCZgEcoe2AvFAS64oCirWTwzTlAYEbKaRxWs5TFesE1Na6izMv3HfGg==",
      "dev": true,
      "dependencies": {
        "playwright": "1.41.2"
      },
      "bin": {
        "playwright": "cli.js"
      },
      "engines": {
        "node": ">=16"
      }
    },
    "node_modules/@types/dotenv-safe": {
      "version": "8.1.5",
      "resolved": "https://registry.npmjs.org/@types/dotenv-safe/-/dotenv-safe-8.1.5.tgz",
      "integrity": "sha512-E8z+Z0+yE8eEZ8BcMnb3I31fV3ROxobooqEDRBoQDAs4lb0c9X6Va6P6z+svj/USxw4R7TErcfEuW0tk7ymaPA==",
      "dev": true,
      "dependencies": {
        "@types/node": "*",
        "dotenv": "^8.2.0"
      }
    },
    "node_modules/@types/dotenv-safe/node_modules/dotenv": {
      "version": "8.6.0",
      "resolved": "https://registry.npmjs.org/dotenv/-/dotenv-8.6.0.tgz",
      "integrity": "sha512-IrPdXQsk2BbzvCBGBOTmmSH5SodmqZNt4ERAZDmW4CT+tL8VtvinqywuANaFu4bOMWki16nqf0e4oC0QIaDr/g==",
      "dev": true,
      "engines": {
        "node": ">=10"
      }
    },
    "node_modules/@types/node": {
      "version": "20.11.17",
      "resolved": "https://registry.npmjs.org/@types/node/-/node-20.11.17.tgz",
      "integrity": "sha512-QmgQZGWu1Yw9TDyAP9ZzpFJKynYNeOvwMJmaxABfieQoVoiVOS6MN1WSpqpRcbeA5+RW82kraAVxCCJg+780Qw==",
      "dev": true,
      "dependencies": {
        "undici-types": "~5.26.4"
      }
    },
    "node_modules/dotenv": {
      "version": "16.4.2",
      "resolved": "https://registry.npmjs.org/dotenv/-/dotenv-16.4.2.tgz",
      "integrity": "sha512-rZSSFxke7d9nYQ5NeMIwp5PP+f8wXgKNljpOb7KtH6SKW1cEqcXAz9VSJYVLKe7Jhup/gUYOkaeSVyK8GJ+nBg==",
      "peer": true,
      "engines": {
        "node": ">=12"
      },
      "funding": {
        "url": "https://dotenvx.com"
      }
    },
    "node_modules/dotenv-safe": {
      "version": "9.0.0",
      "resolved": "https://registry.npmjs.org/dotenv-safe/-/dotenv-safe-9.0.0.tgz",
      "integrity": "sha512-/M8292ReX1jMGLVf/jsAVQzQ0a453C3CJVVyqfoelV+78u9DeluqJU5HbwyQsUCzA4AV5sm52xClVgZWetX+fQ==",
      "peerDependencies": {
        "dotenv": ">= 8.2.0"
      }
    },
    "node_modules/fsevents": {
      "version": "2.3.2",
      "resolved": "https://registry.npmjs.org/fsevents/-/fsevents-2.3.2.tgz",
      "integrity": "sha512-xiqMQR4xAeHTuB9uWm+fFRcIOgKBMiOBP+eXiyT7jsgVCq1bkVygt00oASowB7EdtpOHaaPgKt812P9ab+DDKA==",
      "dev": true,
      "hasInstallScript": true,
      "optional": true,
      "os": [
        "darwin"
      ],
      "engines": {
        "node": "^8.16.0 || ^10.6.0 || >=11.0.0"
      }
    },
    "node_modules/playwright": {
      "version": "1.41.2",
      "resolved": "https://registry.npmjs.org/playwright/-/playwright-1.41.2.tgz",
      "integrity": "sha512-v0bOa6H2GJChDL8pAeLa/LZC4feoAMbSQm1/jF/ySsWWoaNItvrMP7GEkvEEFyCTUYKMxjQKaTSg5up7nR6/8A==",
      "dev": true,
      "dependencies": {
        "playwright-core": "1.41.2"
      },
      "bin": {
        "playwright": "cli.js"
      },
      "engines": {
        "node": ">=16"
      },
      "optionalDependencies": {
        "fsevents": "2.3.2"
      }
    },
    "node_modules/playwright-core": {
      "version": "1.41.2",
      "resolved": "https://registry.npmjs.org/playwright-core/-/playwright-core-1.41.2.tgz",
      "integrity": "sha512-VaTvwCA4Y8kxEe+kfm2+uUUw5Lubf38RxF7FpBxLPmGe5sdNkSg5e3ChEigaGrX7qdqT3pt2m/98LiyvU2x6CA==",
      "dev": true,
      "bin": {
        "playwright-core": "cli.js"
      },
      "engines": {
        "node": ">=16"
      }
    },
    "node_modules/undici-types": {
      "version": "5.26.5",
      "resolved": "https://registry.npmjs.org/undici-types/-/undici-types-5.26.5.tgz",
      "integrity": "sha512-JlCMO+ehdEIKqlFxk6IfVoAUVmgz7cU7zD/h9XZ0qzeosSHmUJVOzSQvvYSYWXkFXC+IfLKSIffhv0sVZup6pA==",
      "dev": true
    }
  },
  "dependencies": {
    "@playwright/test": {
      "version": "1.41.2",
      "resolved": "https://registry.npmjs.org/@playwright/test/-/test-1.41.2.tgz",
      "integrity": "sha512-qQB9h7KbibJzrDpkXkYvsmiDJK14FULCCZgEcoe2AvFAS64oCirWTwzTlAYEbKaRxWs5TFesE1Na6izMv3HfGg==",
      "dev": true,
      "requires": {
        "playwright": "1.41.2"
      }
    },
    "@types/dotenv-safe": {
      "version": "8.1.5",
      "resolved": "https://registry.npmjs.org/@types/dotenv-safe/-/dotenv-safe-8.1.5.tgz",
      "integrity": "sha512-E8z+Z0+yE8eEZ8BcMnb3I31fV3ROxobooqEDRBoQDAs4lb0c9X6Va6P6z+svj/USxw4R7TErcfEuW0tk7ymaPA==",
      "dev": true,
      "requires": {
        "@types/node": "*",
        "dotenv": "^8.2.0"
      },
      "dependencies": {
        "dotenv": {
          "version": "8.6.0",
          "resolved": "https://registry.npmjs.org/dotenv/-/dotenv-8.6.0.tgz",
          "integrity": "sha512-IrPdXQsk2BbzvCBGBOTmmSH5SodmqZNt4ERAZDmW4CT+tL8VtvinqywuANaFu4bOMWki16nqf0e4oC0QIaDr/g==",
          "dev": true
        }
      }
    },
    "@types/node": {
      "version": "20.11.17",
      "resolved": "https://registry.npmjs.org/@types/node/-/node-20.11.17.tgz",
      "integrity": "sha512-QmgQZGWu1Yw9TDyAP9ZzpFJKynYNeOvwMJmaxABfieQoVoiVOS6MN1WSpqpRcbeA5+RW82kraAVxCCJg+780Qw==",
      "dev": true,
      "requires": {
        "undici-types": "~5.26.4"
      }
    },
    "dotenv": {
      "version": "16.4.2",
      "resolved": "https://registry.npmjs.org/dotenv/-/dotenv-16.4.2.tgz",
      "integrity": "sha512-rZSSFxke7d9nYQ5NeMIwp5PP+f8wXgKNljpOb7KtH6SKW1cEqcXAz9VSJYVLKe7Jhup/gUYOkaeSVyK8GJ+nBg==",
      "peer": true
    },
    "dotenv-safe": {
      "version": "9.0.0",
      "resolved": "https://registry.npmjs.org/dotenv-safe/-/dotenv-safe-9.0.0.tgz",
      "integrity": "sha512-/M8292ReX1jMGLVf/jsAVQzQ0a453C3CJVVyqfoelV+78u9DeluqJU5HbwyQsUCzA4AV5sm52xClVgZWetX+fQ==",
      "requires": {}
    },
    "fsevents": {
      "version": "2.3.2",
      "resolved": "https://registry.npmjs.org/fsevents/-/fsevents-2.3.2.tgz",
      "integrity": "sha512-xiqMQR4xAeHTuB9uWm+fFRcIOgKBMiOBP+eXiyT7jsgVCq1bkVygt00oASowB7EdtpOHaaPgKt812P9ab+DDKA==",
      "dev": true,
      "optional": true
    },
    "playwright": {
      "version": "1.41.2",
      "resolved": "https://registry.npmjs.org/playwright/-/playwright-1.41.2.tgz",
      "integrity": "sha512-v0bOa6H2GJChDL8pAeLa/LZC4feoAMbSQm1/jF/ySsWWoaNItvrMP7GEkvEEFyCTUYKMxjQKaTSg5up7nR6/8A==",
      "dev": true,
      "requires": {
        "fsevents": "2.3.2",
        "playwright-core": "1.41.2"
      }
    },
    "playwright-core": {
      "version": "1.41.2",
      "resolved": "https://registry.npmjs.org/playwright-core/-/playwright-core-1.41.2.tgz",
      "integrity": "sha512-VaTvwCA4Y8kxEe+kfm2+uUUw5Lubf38RxF7FpBxLPmGe5sdNkSg5e3ChEigaGrX7qdqT3pt2m/98LiyvU2x6CA==",
      "dev": true
    },
    "undici-types": {
      "version": "5.26.5",
      "resolved": "https://registry.npmjs.org/undici-types/-/undici-types-5.26.5.tgz",
      "integrity": "sha512-JlCMO+ehdEIKqlFxk6IfVoAUVmgz7cU7zD/h9XZ0qzeosSHmUJVOzSQvvYSYWXkFXC+IfLKSIffhv0sVZup6pA==",
      "dev": true
    }
  }
}
